{
  "schema": 1,
  "root": {
    "author": "Mert Kücükhüseyin",
    "tags": [],
    "repo": "git.check",
    "name": "zeP",
    "description": "A blazingly fast package manager, for Zig.",
    "version": "0.0.1",
    "license": "mit",
    "packages": [
      "clap",
      "art"
    ],
    "devPackages": [],
    "build": {
      "entry": "src/main.zig",
      "target": ""
    }
  },
  "packages": [
    {
      "name": "clap",
      "author": "hejsil",
      "fingerprint": "16853597278313929526",
      "source": "https://github.com/Hejsil/zig-clap"
    },
    {
      "name": "art",
      "author": "travisstaloch",
      "fingerprint": "17949635930634780805",
      "source": "https://github.com/travisstaloch/art.zig"
    }
  ]
}